// !$*UTF8*$!
{
	archiveVersion = 1;
	classes = {
	};
	objectVersion = 55;
	objects = {

/* Begin PBXBuildFile section */
		CEE880C9FB52B008B78B4F07 /* README.md in Sources */ = {isa = PBXBuildFile; fileRef = CEE8849570780CD10C021E99 /* README.md */; };
		EF015FC02709AE490040D8CA /* GoogleService-Info.plist in Resources */ = {isa = PBXBuildFile; fileRef = EF015FBF2709AE490040D8CA /* GoogleService-Info.plist */; };
		EF3C4D7E27231D8F00802F31 /* RegisterPage.swift in Sources */ = {isa = PBXBuildFile; fileRef = EF3C4D7D27231D8F00802F31 /* RegisterPage.swift */; };
		EF3C4D8027231DC800802F31 /* LoginPage.swift in Sources */ = {isa = PBXBuildFile; fileRef = EF3C4D7F27231DC800802F31 /* LoginPage.swift */; };
		EF3C4D8327232E5100802F31 /* AuthRepository.swift in Sources */ = {isa = PBXBuildFile; fileRef = EF3C4D8227232E5100802F31 /* AuthRepository.swift */; };
		EF3C4D97272477DE00802F31 /* FirebaseAnalytics in Frameworks */ = {isa = PBXBuildFile; productRef = EF3C4D96272477DE00802F31 /* FirebaseAnalytics */; };
		EF3C4D99272477DE00802F31 /* FirebaseAuth in Frameworks */ = {isa = PBXBuildFile; productRef = EF3C4D98272477DE00802F31 /* FirebaseAuth */; };
		EF3C4D9B272477DE00802F31 /* FirebaseCrashlytics in Frameworks */ = {isa = PBXBuildFile; productRef = EF3C4D9A272477DE00802F31 /* FirebaseCrashlytics */; };
		EF3C4D9D272477DE00802F31 /* FirebaseFirestore in Frameworks */ = {isa = PBXBuildFile; productRef = EF3C4D9C272477DE00802F31 /* FirebaseFirestore */; };
		EF3C4D9F272477DE00802F31 /* FirebasePerformance in Frameworks */ = {isa = PBXBuildFile; productRef = EF3C4D9E272477DE00802F31 /* FirebasePerformance */; };
		EF3C4DA1272477DE00802F31 /* FirebaseRemoteConfig in Frameworks */ = {isa = PBXBuildFile; productRef = EF3C4DA0272477DE00802F31 /* FirebaseRemoteConfig */; };
		EF3C4DA3272477DE00802F31 /* FirebaseStorage in Frameworks */ = {isa = PBXBuildFile; productRef = EF3C4DA2272477DE00802F31 /* FirebaseStorage */; };
		EF501DA5270CD5830083FDF9 /* ReminderRowView.swift in Sources */ = {isa = PBXBuildFile; fileRef = EF501DA4270CD5830083FDF9 /* ReminderRowView.swift */; };
		EF501DAA270CE46B0083FDF9 /* Reminder.swift in Sources */ = {isa = PBXBuildFile; fileRef = EF501DA9270CE46B0083FDF9 /* Reminder.swift */; };
		EF501DAC270CE5620083FDF9 /* Interval.swift in Sources */ = {isa = PBXBuildFile; fileRef = EF501DAB270CE5620083FDF9 /* Interval.swift */; };
		EF501DAE270CE65C0083FDF9 /* Dosage.swift in Sources */ = {isa = PBXBuildFile; fileRef = EF501DAD270CE65C0083FDF9 /* Dosage.swift */; };
		EF501DB3270E04B30083FDF9 /* RemindersGroupView.swift in Sources */ = {isa = PBXBuildFile; fileRef = EF501DB2270E04B30083FDF9 /* RemindersGroupView.swift */; };
		EF501DB6270E0A060083FDF9 /* MockProvider.swift in Sources */ = {isa = PBXBuildFile; fileRef = EF501DB5270E0A060083FDF9 /* MockProvider.swift */; };
		EF501DBA270E15260083FDF9 /* ReminderMockProvider.swift in Sources */ = {isa = PBXBuildFile; fileRef = EF501DB9270E15260083FDF9 /* ReminderMockProvider.swift */; };
		EF501DBC270E1C0D0083FDF9 /* RemindersArrayMockProvider.swift in Sources */ = {isa = PBXBuildFile; fileRef = EF501DBB270E1C0D0083FDF9 /* RemindersArrayMockProvider.swift */; };
		EF631D84270B75CE00CEED62 /* RemindersArrayMock.json in Resources */ = {isa = PBXBuildFile; fileRef = EF631D83270B75CE00CEED62 /* RemindersArrayMock.json */; };
		EF631D86270B766C00CEED62 /* Drug.swift in Sources */ = {isa = PBXBuildFile; fileRef = EF631D85270B766C00CEED62 /* Drug.swift */; };
		EF631D8A270B7C3B00CEED62 /* RemindersRepository.swift in Sources */ = {isa = PBXBuildFile; fileRef = EF631D89270B7C3B00CEED62 /* RemindersRepository.swift */; };
		EF8ED7B32721E41B0028FB1E /* LoginFormViewModel.swift in Sources */ = {isa = PBXBuildFile; fileRef = EF8ED7B22721E41B0028FB1E /* LoginFormViewModel.swift */; };
		EF8ED7B52721F0020028FB1E /* LoginFormView.swift in Sources */ = {isa = PBXBuildFile; fileRef = EF8ED7B42721F0020028FB1E /* LoginFormView.swift */; };
		EF8ED7B72723135A0028FB1E /* RegisterFormViewModel.swift in Sources */ = {isa = PBXBuildFile; fileRef = EF8ED7B6272313590028FB1E /* RegisterFormViewModel.swift */; };
		EF8ED7B9272315020028FB1E /* RegisterFormView.swift in Sources */ = {isa = PBXBuildFile; fileRef = EF8ED7B8272315020028FB1E /* RegisterFormView.swift */; };
		EFAB1C2B2741584B00BF7897 /* IntervalTheme.swift in Sources */ = {isa = PBXBuildFile; fileRef = EFAB1C2A2741584B00BF7897 /* IntervalTheme.swift */; };
		EFCA0964274017400005DB6C /* SettingsPage.swift in Sources */ = {isa = PBXBuildFile; fileRef = EFCA0963274017400005DB6C /* SettingsPage.swift */; };
		EFCA096827401A6A0005DB6C /* SettingsOptionView.swift in Sources */ = {isa = PBXBuildFile; fileRef = EFCA096727401A6A0005DB6C /* SettingsOptionView.swift */; };
		EFCA096A27401B1C0005DB6C /* SettingsOptionViewModel.swift in Sources */ = {isa = PBXBuildFile; fileRef = EFCA096927401B1C0005DB6C /* SettingsOptionViewModel.swift */; };
		EFCA096C27401E640005DB6C /* SettingsOptionsGroupViewModel.swift in Sources */ = {isa = PBXBuildFile; fileRef = EFCA096B27401E640005DB6C /* SettingsOptionsGroupViewModel.swift */; };
		EFCA096E27401FA80005DB6C /* SettingsPageViewModel.swift in Sources */ = {isa = PBXBuildFile; fileRef = EFCA096D27401FA80005DB6C /* SettingsPageViewModel.swift */; };
		EFCA097027402F840005DB6C /* SettingsOptionMockProvider.swift in Sources */ = {isa = PBXBuildFile; fileRef = EFCA096F27402F840005DB6C /* SettingsOptionMockProvider.swift */; };
		EFD585EF270902A700581BD7 /* DrugtableApp.swift in Sources */ = {isa = PBXBuildFile; fileRef = EFD585EE270902A700581BD7 /* DrugtableApp.swift */; };
		EFD585F3270902A800581BD7 /* Assets.xcassets in Resources */ = {isa = PBXBuildFile; fileRef = EFD585F2270902A800581BD7 /* Assets.xcassets */; };
		EFD585F6270902A800581BD7 /* Preview Assets.xcassets in Resources */ = {isa = PBXBuildFile; fileRef = EFD585F5270902A800581BD7 /* Preview Assets.xcassets */; };
		EFF557122718900E00ADBD5A /* RemindersPage.swift in Sources */ = {isa = PBXBuildFile; fileRef = EFF557112718900E00ADBD5A /* RemindersPage.swift */; };
		EFF5571827189C6D00ADBD5A /* RemindersGroupViewModel.swift in Sources */ = {isa = PBXBuildFile; fileRef = EFF5571727189C6D00ADBD5A /* RemindersGroupViewModel.swift */; };
		EFF5571A2718A36F00ADBD5A /* RemindersGroupViewMockProvider.swift in Sources */ = {isa = PBXBuildFile; fileRef = EFF557192718A36F00ADBD5A /* RemindersGroupViewMockProvider.swift */; };
		EFF5571C2718A76200ADBD5A /* IntervalMockProvider.swift in Sources */ = {isa = PBXBuildFile; fileRef = EFF5571B2718A76200ADBD5A /* IntervalMockProvider.swift */; };
		EFF5571F2718AAC900ADBD5A /* DosageMockProvider.swift in Sources */ = {isa = PBXBuildFile; fileRef = EFF5571E2718AAC900ADBD5A /* DosageMockProvider.swift */; };
		EFF557212718AB1800ADBD5A /* DrugMockProvider.swift in Sources */ = {isa = PBXBuildFile; fileRef = EFF557202718AB1800ADBD5A /* DrugMockProvider.swift */; };
/* End PBXBuildFile section */

/* Begin PBXFileReference section */
		CEE8849570780CD10C021E99 /* README.md */ = {isa = PBXFileReference; fileEncoding = 4; lastKnownFileType = net.daringfireball.markdown; path = README.md; sourceTree = "<group>"; };
		EF015FBF2709AE490040D8CA /* GoogleService-Info.plist */ = {isa = PBXFileReference; fileEncoding = 4; lastKnownFileType = text.plist.xml; path = "GoogleService-Info.plist"; sourceTree = "<group>"; };
		EF2E9907271CC37C00A47EB6 /* Drugtable.app */ = {isa = PBXFileReference; explicitFileType = wrapper.application; includeInIndex = 0; path = Drugtable.app; sourceTree = BUILT_PRODUCTS_DIR; };
		EF3C4D7D27231D8F00802F31 /* RegisterPage.swift */ = {isa = PBXFileReference; lastKnownFileType = sourcecode.swift; path = RegisterPage.swift; sourceTree = "<group>"; };
		EF3C4D7F27231DC800802F31 /* LoginPage.swift */ = {isa = PBXFileReference; lastKnownFileType = sourcecode.swift; path = LoginPage.swift; sourceTree = "<group>"; };
		EF3C4D8227232E5100802F31 /* AuthRepository.swift */ = {isa = PBXFileReference; lastKnownFileType = sourcecode.swift; path = AuthRepository.swift; sourceTree = "<group>"; };
		EF501DA4270CD5830083FDF9 /* ReminderRowView.swift */ = {isa = PBXFileReference; lastKnownFileType = sourcecode.swift; path = ReminderRowView.swift; sourceTree = "<group>"; };
		EF501DA9270CE46B0083FDF9 /* Reminder.swift */ = {isa = PBXFileReference; lastKnownFileType = sourcecode.swift; path = Reminder.swift; sourceTree = "<group>"; };
		EF501DAB270CE5620083FDF9 /* Interval.swift */ = {isa = PBXFileReference; lastKnownFileType = sourcecode.swift; path = Interval.swift; sourceTree = "<group>"; };
		EF501DAD270CE65C0083FDF9 /* Dosage.swift */ = {isa = PBXFileReference; lastKnownFileType = sourcecode.swift; path = Dosage.swift; sourceTree = "<group>"; };
		EF501DB2270E04B30083FDF9 /* RemindersGroupView.swift */ = {isa = PBXFileReference; lastKnownFileType = sourcecode.swift; path = RemindersGroupView.swift; sourceTree = "<group>"; };
		EF501DB5270E0A060083FDF9 /* MockProvider.swift */ = {isa = PBXFileReference; lastKnownFileType = sourcecode.swift; path = MockProvider.swift; sourceTree = "<group>"; };
		EF501DB9270E15260083FDF9 /* ReminderMockProvider.swift */ = {isa = PBXFileReference; lastKnownFileType = sourcecode.swift; path = ReminderMockProvider.swift; sourceTree = "<group>"; };
		EF501DBB270E1C0D0083FDF9 /* RemindersArrayMockProvider.swift */ = {isa = PBXFileReference; lastKnownFileType = sourcecode.swift; path = RemindersArrayMockProvider.swift; sourceTree = "<group>"; };
		EF631D83270B75CE00CEED62 /* RemindersArrayMock.json */ = {isa = PBXFileReference; fileEncoding = 4; lastKnownFileType = text.json; path = RemindersArrayMock.json; sourceTree = "<group>"; };
		EF631D85270B766C00CEED62 /* Drug.swift */ = {isa = PBXFileReference; lastKnownFileType = sourcecode.swift; path = Drug.swift; sourceTree = "<group>"; };
		EF631D89270B7C3B00CEED62 /* RemindersRepository.swift */ = {isa = PBXFileReference; lastKnownFileType = sourcecode.swift; path = RemindersRepository.swift; sourceTree = "<group>"; };
		EF8ED7B22721E41B0028FB1E /* LoginFormViewModel.swift */ = {isa = PBXFileReference; lastKnownFileType = sourcecode.swift; path = LoginFormViewModel.swift; sourceTree = "<group>"; };
		EF8ED7B42721F0020028FB1E /* LoginFormView.swift */ = {isa = PBXFileReference; lastKnownFileType = sourcecode.swift; path = LoginFormView.swift; sourceTree = "<group>"; };
		EF8ED7B6272313590028FB1E /* RegisterFormViewModel.swift */ = {isa = PBXFileReference; lastKnownFileType = sourcecode.swift; path = RegisterFormViewModel.swift; sourceTree = "<group>"; };
		EF8ED7B8272315020028FB1E /* RegisterFormView.swift */ = {isa = PBXFileReference; lastKnownFileType = sourcecode.swift; path = RegisterFormView.swift; sourceTree = "<group>"; };
		EFAB1C2A2741584B00BF7897 /* IntervalTheme.swift */ = {isa = PBXFileReference; lastKnownFileType = sourcecode.swift; path = IntervalTheme.swift; sourceTree = "<group>"; };
		EFCA0963274017400005DB6C /* SettingsPage.swift */ = {isa = PBXFileReference; lastKnownFileType = sourcecode.swift; path = SettingsPage.swift; sourceTree = "<group>"; };
		EFCA096727401A6A0005DB6C /* SettingsOptionView.swift */ = {isa = PBXFileReference; lastKnownFileType = sourcecode.swift; path = SettingsOptionView.swift; sourceTree = "<group>"; };
		EFCA096927401B1C0005DB6C /* SettingsOptionViewModel.swift */ = {isa = PBXFileReference; lastKnownFileType = sourcecode.swift; path = SettingsOptionViewModel.swift; sourceTree = "<group>"; };
		EFCA096B27401E640005DB6C /* SettingsOptionsGroupViewModel.swift */ = {isa = PBXFileReference; lastKnownFileType = sourcecode.swift; path = SettingsOptionsGroupViewModel.swift; sourceTree = "<group>"; };
		EFCA096D27401FA80005DB6C /* SettingsPageViewModel.swift */ = {isa = PBXFileReference; lastKnownFileType = sourcecode.swift; path = SettingsPageViewModel.swift; sourceTree = "<group>"; };
		EFCA096F27402F840005DB6C /* SettingsOptionMockProvider.swift */ = {isa = PBXFileReference; lastKnownFileType = sourcecode.swift; path = SettingsOptionMockProvider.swift; sourceTree = "<group>"; };
		EFD585EE270902A700581BD7 /* DrugtableApp.swift */ = {isa = PBXFileReference; lastKnownFileType = sourcecode.swift; path = DrugtableApp.swift; sourceTree = "<group>"; };
		EFD585F2270902A800581BD7 /* Assets.xcassets */ = {isa = PBXFileReference; lastKnownFileType = folder.assetcatalog; path = Assets.xcassets; sourceTree = "<group>"; };
		EFD585F5270902A800581BD7 /* Preview Assets.xcassets */ = {isa = PBXFileReference; lastKnownFileType = folder.assetcatalog; path = "Preview Assets.xcassets"; sourceTree = "<group>"; };
		EFF557112718900E00ADBD5A /* RemindersPage.swift */ = {isa = PBXFileReference; lastKnownFileType = sourcecode.swift; path = RemindersPage.swift; sourceTree = "<group>"; };
		EFF5571727189C6D00ADBD5A /* RemindersGroupViewModel.swift */ = {isa = PBXFileReference; lastKnownFileType = sourcecode.swift; path = RemindersGroupViewModel.swift; sourceTree = "<group>"; };
		EFF557192718A36F00ADBD5A /* RemindersGroupViewMockProvider.swift */ = {isa = PBXFileReference; lastKnownFileType = sourcecode.swift; path = RemindersGroupViewMockProvider.swift; sourceTree = "<group>"; };
		EFF5571B2718A76200ADBD5A /* IntervalMockProvider.swift */ = {isa = PBXFileReference; lastKnownFileType = sourcecode.swift; path = IntervalMockProvider.swift; sourceTree = "<group>"; };
		EFF5571E2718AAC900ADBD5A /* DosageMockProvider.swift */ = {isa = PBXFileReference; lastKnownFileType = sourcecode.swift; path = DosageMockProvider.swift; sourceTree = "<group>"; };
		EFF557202718AB1800ADBD5A /* DrugMockProvider.swift */ = {isa = PBXFileReference; lastKnownFileType = sourcecode.swift; path = DrugMockProvider.swift; sourceTree = "<group>"; };
/* End PBXFileReference section */

/* Begin PBXFrameworksBuildPhase section */
		EFD585E8270902A700581BD7 /* Frameworks */ = {
			isa = PBXFrameworksBuildPhase;
			buildActionMask = 2147483647;
			files = (
				EF3C4D9B272477DE00802F31 /* FirebaseCrashlytics in Frameworks */,
				EF3C4D9D272477DE00802F31 /* FirebaseFirestore in Frameworks */,
				EF3C4D9F272477DE00802F31 /* FirebasePerformance in Frameworks */,
				EF3C4DA1272477DE00802F31 /* FirebaseRemoteConfig in Frameworks */,
				EF3C4DA3272477DE00802F31 /* FirebaseStorage in Frameworks */,
				EF3C4D97272477DE00802F31 /* FirebaseAnalytics in Frameworks */,
				EF3C4D99272477DE00802F31 /* FirebaseAuth in Frameworks */,
			);
			runOnlyForDeploymentPostprocessing = 0;
		};
/* End PBXFrameworksBuildPhase section */

/* Begin PBXGroup section */
		EF3C4D8127231DDC00802F31 /* Page */ = {
			isa = PBXGroup;
			children = (
				EF3C4D7F27231DC800802F31 /* LoginPage.swift */,
				EF3C4D7D27231D8F00802F31 /* RegisterPage.swift */,
				EFF557112718900E00ADBD5A /* RemindersPage.swift */,
				EFCA0963274017400005DB6C /* SettingsPage.swift */,
			);
			path = Page;
			sourceTree = "<group>";
		};
		EF501DA0270CD4940083FDF9 /* Views */ = {
			isa = PBXGroup;
			children = (
				EF3C4D8127231DDC00802F31 /* Page */,
				EF8ED7B42721F0020028FB1E /* LoginFormView.swift */,
				EF8ED7B8272315020028FB1E /* RegisterFormView.swift */,
				EF501DA4270CD5830083FDF9 /* ReminderRowView.swift */,
				EF501DB2270E04B30083FDF9 /* RemindersGroupView.swift */,
				EFCA096727401A6A0005DB6C /* SettingsOptionView.swift */,
			);
			path = Views;
			sourceTree = "<group>";
		};
		EF501DA6270CE2A60083FDF9 /* ViewModels */ = {
			isa = PBXGroup;
			children = (
				EF8ED7B22721E41B0028FB1E /* LoginFormViewModel.swift */,
				EF8ED7B6272313590028FB1E /* RegisterFormViewModel.swift */,
				EFF5571727189C6D00ADBD5A /* RemindersGroupViewModel.swift */,
				EFCA096927401B1C0005DB6C /* SettingsOptionViewModel.swift */,
				EFCA096B27401E640005DB6C /* SettingsOptionsGroupViewModel.swift */,
				EFCA096D27401FA80005DB6C /* SettingsPageViewModel.swift */,
			);
			path = ViewModels;
			sourceTree = "<group>";
		};
		EF501DB4270E06F70083FDF9 /* Mocks */ = {
			isa = PBXGroup;
			children = (
				EF501DB8270E14960083FDF9 /* JSONs */,
				EF501DB5270E0A060083FDF9 /* MockProvider.swift */,
				EFF5571E2718AAC900ADBD5A /* DosageMockProvider.swift */,
				EFF557202718AB1800ADBD5A /* DrugMockProvider.swift */,
				EFF5571B2718A76200ADBD5A /* IntervalMockProvider.swift */,
				EF501DB9270E15260083FDF9 /* ReminderMockProvider.swift */,
				EF501DBB270E1C0D0083FDF9 /* RemindersArrayMockProvider.swift */,
				EFF557192718A36F00ADBD5A /* RemindersGroupViewMockProvider.swift */,
				EFCA096F27402F840005DB6C /* SettingsOptionMockProvider.swift */,
			);
			path = Mocks;
			sourceTree = "<group>";
		};
		EF501DB8270E14960083FDF9 /* JSONs */ = {
			isa = PBXGroup;
			children = (
				EF631D83270B75CE00CEED62 /* RemindersArrayMock.json */,
			);
			path = JSONs;
			sourceTree = "<group>";
		};
		EF631D87270B794400CEED62 /* Models */ = {
			isa = PBXGroup;
			children = (
				EF631D85270B766C00CEED62 /* Drug.swift */,
				EF501DA9270CE46B0083FDF9 /* Reminder.swift */,
				EF501DAB270CE5620083FDF9 /* Interval.swift */,
				EF501DAD270CE65C0083FDF9 /* Dosage.swift */,
				EFAB1C2A2741584B00BF7897 /* IntervalTheme.swift */,
			);
			path = Models;
			sourceTree = "<group>";
		};
		EF631D88270B7C0F00CEED62 /* Repositories */ = {
			isa = PBXGroup;
			children = (
				EF3C4D8227232E5100802F31 /* AuthRepository.swift */,
				EF631D89270B7C3B00CEED62 /* RemindersRepository.swift */,
			);
			path = Repositories;
			sourceTree = "<group>";
		};
		EFD585E2270902A700581BD7 = {
			isa = PBXGroup;
			children = (
				EFD585ED270902A700581BD7 /* Drugtable */,
				CEE8849570780CD10C021E99 /* README.md */,
				EF2E9907271CC37C00A47EB6 /* Drugtable.app */,
			);
			sourceTree = "<group>";
		};
		EFD585ED270902A700581BD7 /* Drugtable */ = {
			isa = PBXGroup;
			children = (
				EF501DB4270E06F70083FDF9 /* Mocks */,
				EF631D88270B7C0F00CEED62 /* Repositories */,
				EF631D87270B794400CEED62 /* Models */,
				EF501DA6270CE2A60083FDF9 /* ViewModels */,
				EF501DA0270CD4940083FDF9 /* Views */,
				EFD585EE270902A700581BD7 /* DrugtableApp.swift */,
				EFD585F2270902A800581BD7 /* Assets.xcassets */,
				EF015FBF2709AE490040D8CA /* GoogleService-Info.plist */,
				EFD585F4270902A800581BD7 /* Preview Content */,
			);
			path = Drugtable;
			sourceTree = "<group>";
		};
		EFD585F4270902A800581BD7 /* Preview Content */ = {
			isa = PBXGroup;
			children = (
				EFD585F5270902A800581BD7 /* Preview Assets.xcassets */,
			);
			path = "Preview Content";
			sourceTree = "<group>";
		};
/* End PBXGroup section */

/* Begin PBXNativeTarget section */
		EFD585EA270902A700581BD7 /* Drugtable */ = {
			isa = PBXNativeTarget;
			buildConfigurationList = EFD585F9270902A800581BD7 /* Build configuration list for PBXNativeTarget "Drugtable" */;
			buildPhases = (
				EFD585E7270902A700581BD7 /* Sources */,
				EFD585E8270902A700581BD7 /* Frameworks */,
				EFD585E9270902A700581BD7 /* Resources */,
			);
			buildRules = (
			);
			dependencies = (
			);
			name = Drugtable;
			packageProductDependencies = (
				EF3C4D96272477DE00802F31 /* FirebaseAnalytics */,
				EF3C4D98272477DE00802F31 /* FirebaseAuth */,
				EF3C4D9A272477DE00802F31 /* FirebaseCrashlytics */,
				EF3C4D9C272477DE00802F31 /* FirebaseFirestore */,
				EF3C4D9E272477DE00802F31 /* FirebasePerformance */,
				EF3C4DA0272477DE00802F31 /* FirebaseRemoteConfig */,
				EF3C4DA2272477DE00802F31 /* FirebaseStorage */,
			);
			productName = drugtable;
			productReference = EF2E9907271CC37C00A47EB6 /* Drugtable.app */;
			productType = "com.apple.product-type.application";
		};
/* End PBXNativeTarget section */

/* Begin PBXProject section */
		EFD585E3270902A700581BD7 /* Project object */ = {
			isa = PBXProject;
			attributes = {
				BuildIndependentTargetsInParallel = 1;
				LastSwiftUpdateCheck = 1300;
				LastUpgradeCheck = 1300;
				TargetAttributes = {
					EFD585EA270902A700581BD7 = {
						CreatedOnToolsVersion = 13.0;
					};
				};
			};
			buildConfigurationList = EFD585E6270902A700581BD7 /* Build configuration list for PBXProject "Drugtable" */;
			compatibilityVersion = "Xcode 13.0";
			developmentRegion = en;
			hasScannedForEncodings = 0;
			knownRegions = (
				en,
				Base,
				ru,
			);
			mainGroup = EFD585E2270902A700581BD7;
			packageReferences = (
				EF3C4D95272477DE00802F31 /* XCRemoteSwiftPackageReference "firebase-ios-sdk" */,
			);
			productRefGroup = EFD585E2270902A700581BD7;
			projectDirPath = "";
			projectRoot = "";
			targets = (
				EFD585EA270902A700581BD7 /* Drugtable */,
			);
		};
/* End PBXProject section */

/* Begin PBXResourcesBuildPhase section */
		EFD585E9270902A700581BD7 /* Resources */ = {
			isa = PBXResourcesBuildPhase;
			buildActionMask = 2147483647;
			files = (
				EF631D84270B75CE00CEED62 /* RemindersArrayMock.json in Resources */,
				EFD585F6270902A800581BD7 /* Preview Assets.xcassets in Resources */,
				EFD585F3270902A800581BD7 /* Assets.xcassets in Resources */,
				EF015FC02709AE490040D8CA /* GoogleService-Info.plist in Resources */,
			);
			runOnlyForDeploymentPostprocessing = 0;
		};
/* End PBXResourcesBuildPhase section */

/* Begin PBXSourcesBuildPhase section */
		EFD585E7270902A700581BD7 /* Sources */ = {
			isa = PBXSourcesBuildPhase;
			buildActionMask = 2147483647;
			files = (
				EF501DAE270CE65C0083FDF9 /* Dosage.swift in Sources */,
				EFCA0964274017400005DB6C /* SettingsPage.swift in Sources */,
				EFCA097027402F840005DB6C /* SettingsOptionMockProvider.swift in Sources */,
				EFF557212718AB1800ADBD5A /* DrugMockProvider.swift in Sources */,
				EF8ED7B52721F0020028FB1E /* LoginFormView.swift in Sources */,
				EF3C4D8327232E5100802F31 /* AuthRepository.swift in Sources */,
				EFAB1C2B2741584B00BF7897 /* IntervalTheme.swift in Sources */,
				EF501DB3270E04B30083FDF9 /* RemindersGroupView.swift in Sources */,
				EF501DA5270CD5830083FDF9 /* ReminderRowView.swift in Sources */,
				EFF5571F2718AAC900ADBD5A /* DosageMockProvider.swift in Sources */,
				EF501DBC270E1C0D0083FDF9 /* RemindersArrayMockProvider.swift in Sources */,
				EF501DAC270CE5620083FDF9 /* Interval.swift in Sources */,
				EFF5571A2718A36F00ADBD5A /* RemindersGroupViewMockProvider.swift in Sources */,
				EFCA096C27401E640005DB6C /* SettingsOptionsGroupViewModel.swift in Sources */,
				EFF557122718900E00ADBD5A /* RemindersPage.swift in Sources */,
				EF631D8A270B7C3B00CEED62 /* RemindersRepository.swift in Sources */,
				EF501DAA270CE46B0083FDF9 /* Reminder.swift in Sources */,
				EFCA096A27401B1C0005DB6C /* SettingsOptionViewModel.swift in Sources */,
				EFD585EF270902A700581BD7 /* DrugtableApp.swift in Sources */,
				EF3C4D7E27231D8F00802F31 /* RegisterPage.swift in Sources */,
				EF501DBA270E15260083FDF9 /* ReminderMockProvider.swift in Sources */,
				EF501DB6270E0A060083FDF9 /* MockProvider.swift in Sources */,
				EF3C4D8027231DC800802F31 /* LoginPage.swift in Sources */,
				EF631D86270B766C00CEED62 /* Drug.swift in Sources */,
				EFCA096E27401FA80005DB6C /* SettingsPageViewModel.swift in Sources */,
				EFCA096827401A6A0005DB6C /* SettingsOptionView.swift in Sources */,
				EFF5571827189C6D00ADBD5A /* RemindersGroupViewModel.swift in Sources */,
				EFF5571C2718A76200ADBD5A /* IntervalMockProvider.swift in Sources */,
				CEE880C9FB52B008B78B4F07 /* README.md in Sources */,
				EF8ED7B9272315020028FB1E /* RegisterFormView.swift in Sources */,
				EF8ED7B32721E41B0028FB1E /* LoginFormViewModel.swift in Sources */,
				EF8ED7B72723135A0028FB1E /* RegisterFormViewModel.swift in Sources */,
			);
			runOnlyForDeploymentPostprocessing = 0;
		};
/* End PBXSourcesBuildPhase section */

/* Begin XCBuildConfiguration section */
		EFD585F7270902A800581BD7 /* Debug */ = {
			isa = XCBuildConfiguration;
			buildSettings = {
				ALWAYS_SEARCH_USER_PATHS = NO;
				CLANG_ANALYZER_LOCALIZABILITY_NONLOCALIZED = YES;
				CLANG_ANALYZER_NONNULL = YES;
				CLANG_ANALYZER_NUMBER_OBJECT_CONVERSION = YES_AGGRESSIVE;
				CLANG_CXX_LANGUAGE_STANDARD = "gnu++17";
				CLANG_CXX_LIBRARY = "libc++";
				CLANG_ENABLE_MODULES = YES;
				CLANG_ENABLE_OBJC_ARC = YES;
				CLANG_ENABLE_OBJC_WEAK = YES;
				CLANG_WARN_BLOCK_CAPTURE_AUTORELEASING = YES;
				CLANG_WARN_BOOL_CONVERSION = YES;
				CLANG_WARN_COMMA = YES;
				CLANG_WARN_CONSTANT_CONVERSION = YES;
				CLANG_WARN_DEPRECATED_OBJC_IMPLEMENTATIONS = YES;
				CLANG_WARN_DIRECT_OBJC_ISA_USAGE = YES_ERROR;
				CLANG_WARN_DOCUMENTATION_COMMENTS = YES;
				CLANG_WARN_EMPTY_BODY = YES;
				CLANG_WARN_ENUM_CONVERSION = YES;
				CLANG_WARN_INFINITE_RECURSION = YES;
				CLANG_WARN_INT_CONVERSION = YES;
				CLANG_WARN_NON_LITERAL_NULL_CONVERSION = YES;
				CLANG_WARN_OBJC_IMPLICIT_RETAIN_SELF = YES;
				CLANG_WARN_OBJC_LITERAL_CONVERSION = YES;
				CLANG_WARN_OBJC_ROOT_CLASS = YES_ERROR;
				CLANG_WARN_QUOTED_INCLUDE_IN_FRAMEWORK_HEADER = YES;
				CLANG_WARN_RANGE_LOOP_ANALYSIS = YES;
				CLANG_WARN_STRICT_PROTOTYPES = YES;
				CLANG_WARN_SUSPICIOUS_MOVE = YES;
				CLANG_WARN_UNGUARDED_AVAILABILITY = YES_AGGRESSIVE;
				CLANG_WARN_UNREACHABLE_CODE = YES;
				CLANG_WARN__DUPLICATE_METHOD_MATCH = YES;
				COPY_PHASE_STRIP = NO;
				DEBUG_INFORMATION_FORMAT = dwarf;
				ENABLE_STRICT_OBJC_MSGSEND = YES;
				ENABLE_TESTABILITY = YES;
				GCC_C_LANGUAGE_STANDARD = gnu11;
				GCC_DYNAMIC_NO_PIC = NO;
				GCC_NO_COMMON_BLOCKS = YES;
				GCC_OPTIMIZATION_LEVEL = 0;
				GCC_PREPROCESSOR_DEFINITIONS = (
					"DEBUG=1",
					"$(inherited)",
				);
				GCC_WARN_64_TO_32_BIT_CONVERSION = YES;
				GCC_WARN_ABOUT_RETURN_TYPE = YES_ERROR;
				GCC_WARN_UNDECLARED_SELECTOR = YES;
				GCC_WARN_UNINITIALIZED_AUTOS = YES_AGGRESSIVE;
				GCC_WARN_UNUSED_FUNCTION = YES;
				GCC_WARN_UNUSED_VARIABLE = YES;
				IPHONEOS_DEPLOYMENT_TARGET = 15.0;
				MTL_ENABLE_DEBUG_INFO = INCLUDE_SOURCE;
				MTL_FAST_MATH = YES;
				ONLY_ACTIVE_ARCH = YES;
				SDKROOT = iphoneos;
				SWIFT_ACTIVE_COMPILATION_CONDITIONS = DEBUG;
				SWIFT_OPTIMIZATION_LEVEL = "-Onone";
			};
			name = Debug;
		};
		EFD585F8270902A800581BD7 /* Release */ = {
			isa = XCBuildConfiguration;
			buildSettings = {
				ALWAYS_SEARCH_USER_PATHS = NO;
				CLANG_ANALYZER_LOCALIZABILITY_NONLOCALIZED = YES;
				CLANG_ANALYZER_NONNULL = YES;
				CLANG_ANALYZER_NUMBER_OBJECT_CONVERSION = YES_AGGRESSIVE;
				CLANG_CXX_LANGUAGE_STANDARD = "gnu++17";
				CLANG_CXX_LIBRARY = "libc++";
				CLANG_ENABLE_MODULES = YES;
				CLANG_ENABLE_OBJC_ARC = YES;
				CLANG_ENABLE_OBJC_WEAK = YES;
				CLANG_WARN_BLOCK_CAPTURE_AUTORELEASING = YES;
				CLANG_WARN_BOOL_CONVERSION = YES;
				CLANG_WARN_COMMA = YES;
				CLANG_WARN_CONSTANT_CONVERSION = YES;
				CLANG_WARN_DEPRECATED_OBJC_IMPLEMENTATIONS = YES;
				CLANG_WARN_DIRECT_OBJC_ISA_USAGE = YES_ERROR;
				CLANG_WARN_DOCUMENTATION_COMMENTS = YES;
				CLANG_WARN_EMPTY_BODY = YES;
				CLANG_WARN_ENUM_CONVERSION = YES;
				CLANG_WARN_INFINITE_RECURSION = YES;
				CLANG_WARN_INT_CONVERSION = YES;
				CLANG_WARN_NON_LITERAL_NULL_CONVERSION = YES;
				CLANG_WARN_OBJC_IMPLICIT_RETAIN_SELF = YES;
				CLANG_WARN_OBJC_LITERAL_CONVERSION = YES;
				CLANG_WARN_OBJC_ROOT_CLASS = YES_ERROR;
				CLANG_WARN_QUOTED_INCLUDE_IN_FRAMEWORK_HEADER = YES;
				CLANG_WARN_RANGE_LOOP_ANALYSIS = YES;
				CLANG_WARN_STRICT_PROTOTYPES = YES;
				CLANG_WARN_SUSPICIOUS_MOVE = YES;
				CLANG_WARN_UNGUARDED_AVAILABILITY = YES_AGGRESSIVE;
				CLANG_WARN_UNREACHABLE_CODE = YES;
				CLANG_WARN__DUPLICATE_METHOD_MATCH = YES;
				COPY_PHASE_STRIP = NO;
				DEBUG_INFORMATION_FORMAT = "dwarf-with-dsym";
				ENABLE_NS_ASSERTIONS = NO;
				ENABLE_STRICT_OBJC_MSGSEND = YES;
				GCC_C_LANGUAGE_STANDARD = gnu11;
				GCC_NO_COMMON_BLOCKS = YES;
				GCC_WARN_64_TO_32_BIT_CONVERSION = YES;
				GCC_WARN_ABOUT_RETURN_TYPE = YES_ERROR;
				GCC_WARN_UNDECLARED_SELECTOR = YES;
				GCC_WARN_UNINITIALIZED_AUTOS = YES_AGGRESSIVE;
				GCC_WARN_UNUSED_FUNCTION = YES;
				GCC_WARN_UNUSED_VARIABLE = YES;
				IPHONEOS_DEPLOYMENT_TARGET = 15.0;
				MTL_ENABLE_DEBUG_INFO = NO;
				MTL_FAST_MATH = YES;
				SDKROOT = iphoneos;
				SWIFT_COMPILATION_MODE = wholemodule;
				SWIFT_OPTIMIZATION_LEVEL = "-O";
				VALIDATE_PRODUCT = YES;
			};
			name = Release;
		};
		EFD585FA270902A800581BD7 /* Debug */ = {
			isa = XCBuildConfiguration;
			buildSettings = {
				ASSETCATALOG_COMPILER_APPICON_NAME = AppIcon;
				ASSETCATALOG_COMPILER_GLOBAL_ACCENT_COLOR_NAME = AccentColor;
				CODE_SIGN_STYLE = Automatic;
				CURRENT_PROJECT_VERSION = 1;
				DEVELOPMENT_ASSET_PATHS = "\"drugtable/Preview Content\"";
				DEVELOPMENT_TEAM = 63C62CK47Y;
				ENABLE_PREVIEWS = YES;
				GENERATE_INFOPLIST_FILE = YES;
				INFOPLIST_KEY_UIApplicationSceneManifest_Generation = YES;
				INFOPLIST_KEY_UIApplicationSupportsIndirectInputEvents = YES;
				INFOPLIST_KEY_UILaunchScreen_Generation = YES;
				INFOPLIST_KEY_UISupportedInterfaceOrientations_iPad = "UIInterfaceOrientationPortrait UIInterfaceOrientationPortraitUpsideDown UIInterfaceOrientationLandscapeLeft UIInterfaceOrientationLandscapeRight";
				INFOPLIST_KEY_UISupportedInterfaceOrientations_iPhone = "UIInterfaceOrientationPortrait UIInterfaceOrientationLandscapeLeft UIInterfaceOrientationLandscapeRight";
				IPHONEOS_DEPLOYMENT_TARGET = 14.0;
				LD_RUNPATH_SEARCH_PATHS = (
					"$(inherited)",
					"@executable_path/Frameworks",
				);
				MARKETING_VERSION = 1.0;
				PRODUCT_BUNDLE_IDENTIFIER = app.vasbaz.drugtable;
				PRODUCT_NAME = Drugtable;
				SWIFT_EMIT_LOC_STRINGS = YES;
				SWIFT_VERSION = 5.0;
				TARGETED_DEVICE_FAMILY = "1,2";
			};
			name = Debug;
		};
		EFD585FB270902A800581BD7 /* Release */ = {
			isa = XCBuildConfiguration;
			buildSettings = {
				ASSETCATALOG_COMPILER_APPICON_NAME = AppIcon;
				ASSETCATALOG_COMPILER_GLOBAL_ACCENT_COLOR_NAME = AccentColor;
				CODE_SIGN_STYLE = Automatic;
				CURRENT_PROJECT_VERSION = 1;
				DEVELOPMENT_ASSET_PATHS = "\"drugtable/Preview Content\"";
				DEVELOPMENT_TEAM = 63C62CK47Y;
				ENABLE_PREVIEWS = YES;
				GENERATE_INFOPLIST_FILE = YES;
				INFOPLIST_KEY_UIApplicationSceneManifest_Generation = YES;
				INFOPLIST_KEY_UIApplicationSupportsIndirectInputEvents = YES;
				INFOPLIST_KEY_UILaunchScreen_Generation = YES;
				INFOPLIST_KEY_UISupportedInterfaceOrientations_iPad = "UIInterfaceOrientationPortrait UIInterfaceOrientationPortraitUpsideDown UIInterfaceOrientationLandscapeLeft UIInterfaceOrientationLandscapeRight";
				INFOPLIST_KEY_UISupportedInterfaceOrientations_iPhone = "UIInterfaceOrientationPortrait UIInterfaceOrientationLandscapeLeft UIInterfaceOrientationLandscapeRight";
				IPHONEOS_DEPLOYMENT_TARGET = 14.0;
				LD_RUNPATH_SEARCH_PATHS = (
					"$(inherited)",
					"@executable_path/Frameworks",
				);
				MARKETING_VERSION = 1.0;
				PRODUCT_BUNDLE_IDENTIFIER = app.vasbaz.drugtable;
				PRODUCT_NAME = Drugtable;
				SWIFT_EMIT_LOC_STRINGS = YES;
				SWIFT_VERSION = 5.0;
				TARGETED_DEVICE_FAMILY = "1,2";
			};
			name = Release;
		};
/* End XCBuildConfiguration section */

/* Begin XCConfigurationList section */
		EFD585E6270902A700581BD7 /* Build configuration list for PBXProject "Drugtable" */ = {
			isa = XCConfigurationList;
			buildConfigurations = (
				EFD585F7270902A800581BD7 /* Debug */,
				EFD585F8270902A800581BD7 /* Release */,
			);
			defaultConfigurationIsVisible = 0;
			defaultConfigurationName = Release;
		};
		EFD585F9270902A800581BD7 /* Build configuration list for PBXNativeTarget "Drugtable" */ = {
			isa = XCConfigurationList;
			buildConfigurations = (
				EFD585FA270902A800581BD7 /* Debug */,
				EFD585FB270902A800581BD7 /* Release */,
			);
			defaultConfigurationIsVisible = 0;
			defaultConfigurationName = Release;
		};
/* End XCConfigurationList section */

/* Begin XCRemoteSwiftPackageReference section */
		EF3C4D95272477DE00802F31 /* XCRemoteSwiftPackageReference "firebase-ios-sdk" */ = {
			isa = XCRemoteSwiftPackageReference;
			repositoryURL = "https://github.com/firebase/firebase-ios-sdk.git";
			requirement = {
				kind = upToNextMajorVersion;
				minimumVersion = 8.0.0;
			};
		};
/* End XCRemoteSwiftPackageReference section */

/* Begin XCSwiftPackageProductDependency section */
		EF3C4D96272477DE00802F31 /* FirebaseAnalytics */ = {
			isa = XCSwiftPackageProductDependency;
			package = EF3C4D95272477DE00802F31 /* XCRemoteSwiftPackageReference "firebase-ios-sdk" */;
			productName = FirebaseAnalytics;
		};
		EF3C4D98272477DE00802F31 /* FirebaseAuth */ = {
			isa = XCSwiftPackageProductDependency;
			package = EF3C4D95272477DE00802F31 /* XCRemoteSwiftPackageReference "firebase-ios-sdk" */;
			productName = FirebaseAuth;
		};
		EF3C4D9A272477DE00802F31 /* FirebaseCrashlytics */ = {
			isa = XCSwiftPackageProductDependency;
			package = EF3C4D95272477DE00802F31 /* XCRemoteSwiftPackageReference "firebase-ios-sdk" */;
			productName = FirebaseCrashlytics;
		};
		EF3C4D9C272477DE00802F31 /* FirebaseFirestore */ = {
			isa = XCSwiftPackageProductDependency;
			package = EF3C4D95272477DE00802F31 /* XCRemoteSwiftPackageReference "firebase-ios-sdk" */;
			productName = FirebaseFirestore;
		};
		EF3C4D9E272477DE00802F31 /* FirebasePerformance */ = {
			isa = XCSwiftPackageProductDependency;
			package = EF3C4D95272477DE00802F31 /* XCRemoteSwiftPackageReference "firebase-ios-sdk" */;
			productName = FirebasePerformance;
		};
		EF3C4DA0272477DE00802F31 /* FirebaseRemoteConfig */ = {
			isa = XCSwiftPackageProductDependency;
			package = EF3C4D95272477DE00802F31 /* XCRemoteSwiftPackageReference "firebase-ios-sdk" */;
			productName = FirebaseRemoteConfig;
		};
		EF3C4DA2272477DE00802F31 /* FirebaseStorage */ = {
			isa = XCSwiftPackageProductDependency;
			package = EF3C4D95272477DE00802F31 /* XCRemoteSwiftPackageReference "firebase-ios-sdk" */;
			productName = FirebaseStorage;
		};
/* End XCSwiftPackageProductDependency section */
	};
	rootObject = EFD585E3270902A700581BD7 /* Project object */;
}
