// !$*UTF8*$!
{
	archiveVersion = 1;
	classes = {
	};
	objectVersion = 55;
	objects = {

/* Begin PBXBuildFile section */
		B01EA6E0356EA400A8E982C2 /* Pods_Drugtable.framework in Frameworks */ = {isa = PBXBuildFile; fileRef = F915EB7C850C3555388165FE /* Pods_Drugtable.framework */; };
		CEE880C9FB52B008B78B4F07 /* README.md in Sources */ = {isa = PBXBuildFile; fileRef = CEE8849570780CD10C021E99 /* README.md */; };
		EF015FC02709AE490040D8CA /* GoogleService-Info.plist in Resources */ = {isa = PBXBuildFile; fileRef = EF015FBF2709AE490040D8CA /* GoogleService-Info.plist */; };
		EF501DA5270CD5830083FDF9 /* ReminderRowView.swift in Sources */ = {isa = PBXBuildFile; fileRef = EF501DA4270CD5830083FDF9 /* ReminderRowView.swift */; };
		EF501DAA270CE46B0083FDF9 /* Reminder.swift in Sources */ = {isa = PBXBuildFile; fileRef = EF501DA9270CE46B0083FDF9 /* Reminder.swift */; };
		EF501DAC270CE5620083FDF9 /* DrugTakingTime.swift in Sources */ = {isa = PBXBuildFile; fileRef = EF501DAB270CE5620083FDF9 /* DrugTakingTime.swift */; };
		EF501DAE270CE65C0083FDF9 /* Dosage.swift in Sources */ = {isa = PBXBuildFile; fileRef = EF501DAD270CE65C0083FDF9 /* Dosage.swift */; };
		EF501DB3270E04B30083FDF9 /* RemindersGroupView.swift in Sources */ = {isa = PBXBuildFile; fileRef = EF501DB2270E04B30083FDF9 /* RemindersGroupView.swift */; };
		EF501DB6270E0A060083FDF9 /* MockProvider.swift in Sources */ = {isa = PBXBuildFile; fileRef = EF501DB5270E0A060083FDF9 /* MockProvider.swift */; };
		EF501DBA270E15260083FDF9 /* ReminderMockProvider.swift in Sources */ = {isa = PBXBuildFile; fileRef = EF501DB9270E15260083FDF9 /* ReminderMockProvider.swift */; };
		EF501DBC270E1C0D0083FDF9 /* RemindersArrayMockProvider.swift in Sources */ = {isa = PBXBuildFile; fileRef = EF501DBB270E1C0D0083FDF9 /* RemindersArrayMockProvider.swift */; };
		EF631D84270B75CE00CEED62 /* RemindersArrayMock.json in Resources */ = {isa = PBXBuildFile; fileRef = EF631D83270B75CE00CEED62 /* RemindersArrayMock.json */; };
		EF631D86270B766C00CEED62 /* Drug.swift in Sources */ = {isa = PBXBuildFile; fileRef = EF631D85270B766C00CEED62 /* Drug.swift */; };
		EF631D8A270B7C3B00CEED62 /* RemindersRepository.swift in Sources */ = {isa = PBXBuildFile; fileRef = EF631D89270B7C3B00CEED62 /* RemindersRepository.swift */; };
		EFD585EF270902A700581BD7 /* DrugtableApp.swift in Sources */ = {isa = PBXBuildFile; fileRef = EFD585EE270902A700581BD7 /* DrugtableApp.swift */; };
		EFD585F3270902A800581BD7 /* Assets.xcassets in Resources */ = {isa = PBXBuildFile; fileRef = EFD585F2270902A800581BD7 /* Assets.xcassets */; };
		EFD585F6270902A800581BD7 /* Preview Assets.xcassets in Resources */ = {isa = PBXBuildFile; fileRef = EFD585F5270902A800581BD7 /* Preview Assets.xcassets */; };
/* End PBXBuildFile section */

/* Begin PBXFileReference section */
		62F196F620E8312145B6A689 /* Pods-Drugtable.release.xcconfig */ = {isa = PBXFileReference; includeInIndex = 1; lastKnownFileType = text.xcconfig; name = "Pods-Drugtable.release.xcconfig"; path = "Target Support Files/Pods-Drugtable/Pods-Drugtable.release.xcconfig"; sourceTree = "<group>"; };
		744C0EAFC2836F96601CAA67 /* Pods-Drugtable.debug.xcconfig */ = {isa = PBXFileReference; includeInIndex = 1; lastKnownFileType = text.xcconfig; name = "Pods-Drugtable.debug.xcconfig"; path = "Target Support Files/Pods-Drugtable/Pods-Drugtable.debug.xcconfig"; sourceTree = "<group>"; };
		CEE8849570780CD10C021E99 /* README.md */ = {isa = PBXFileReference; fileEncoding = 4; lastKnownFileType = net.daringfireball.markdown; path = README.md; sourceTree = "<group>"; };
		EF015FBF2709AE490040D8CA /* GoogleService-Info.plist */ = {isa = PBXFileReference; fileEncoding = 4; lastKnownFileType = text.plist.xml; path = "GoogleService-Info.plist"; sourceTree = "<group>"; };
		EF501DA4270CD5830083FDF9 /* ReminderRowView.swift */ = {isa = PBXFileReference; lastKnownFileType = sourcecode.swift; path = ReminderRowView.swift; sourceTree = "<group>"; };
		EF501DA9270CE46B0083FDF9 /* Reminder.swift */ = {isa = PBXFileReference; lastKnownFileType = sourcecode.swift; path = Reminder.swift; sourceTree = "<group>"; };
		EF501DAB270CE5620083FDF9 /* DrugTakingTime.swift */ = {isa = PBXFileReference; lastKnownFileType = sourcecode.swift; path = DrugTakingTime.swift; sourceTree = "<group>"; };
		EF501DAD270CE65C0083FDF9 /* Dosage.swift */ = {isa = PBXFileReference; lastKnownFileType = sourcecode.swift; path = Dosage.swift; sourceTree = "<group>"; };
		EF501DB2270E04B30083FDF9 /* RemindersGroupView.swift */ = {isa = PBXFileReference; lastKnownFileType = sourcecode.swift; path = RemindersGroupView.swift; sourceTree = "<group>"; };
		EF501DB5270E0A060083FDF9 /* MockProvider.swift */ = {isa = PBXFileReference; lastKnownFileType = sourcecode.swift; path = MockProvider.swift; sourceTree = "<group>"; };
		EF501DB9270E15260083FDF9 /* ReminderMockProvider.swift */ = {isa = PBXFileReference; lastKnownFileType = sourcecode.swift; path = ReminderMockProvider.swift; sourceTree = "<group>"; };
		EF501DBB270E1C0D0083FDF9 /* RemindersArrayMockProvider.swift */ = {isa = PBXFileReference; lastKnownFileType = sourcecode.swift; path = RemindersArrayMockProvider.swift; sourceTree = "<group>"; };
		EF631D83270B75CE00CEED62 /* RemindersArrayMock.json */ = {isa = PBXFileReference; fileEncoding = 4; lastKnownFileType = text.json; path = RemindersArrayMock.json; sourceTree = "<group>"; };
		EF631D85270B766C00CEED62 /* Drug.swift */ = {isa = PBXFileReference; lastKnownFileType = sourcecode.swift; path = Drug.swift; sourceTree = "<group>"; };
		EF631D89270B7C3B00CEED62 /* RemindersRepository.swift */ = {isa = PBXFileReference; lastKnownFileType = sourcecode.swift; path = RemindersRepository.swift; sourceTree = "<group>"; };
		EFD585EB270902A700581BD7 /* Drugtable.app */ = {isa = PBXFileReference; explicitFileType = wrapper.application; includeInIndex = 0; path = Drugtable.app; sourceTree = BUILT_PRODUCTS_DIR; };
		EFD585EE270902A700581BD7 /* DrugtableApp.swift */ = {isa = PBXFileReference; lastKnownFileType = sourcecode.swift; path = DrugtableApp.swift; sourceTree = "<group>"; };
		EFD585F2270902A800581BD7 /* Assets.xcassets */ = {isa = PBXFileReference; lastKnownFileType = folder.assetcatalog; path = Assets.xcassets; sourceTree = "<group>"; };
		EFD585F5270902A800581BD7 /* Preview Assets.xcassets */ = {isa = PBXFileReference; lastKnownFileType = folder.assetcatalog; path = "Preview Assets.xcassets"; sourceTree = "<group>"; };
		F915EB7C850C3555388165FE /* Pods_Drugtable.framework */ = {isa = PBXFileReference; explicitFileType = wrapper.framework; includeInIndex = 0; path = Pods_Drugtable.framework; sourceTree = BUILT_PRODUCTS_DIR; };
/* End PBXFileReference section */

/* Begin PBXFrameworksBuildPhase section */
		EFD585E8270902A700581BD7 /* Frameworks */ = {
			isa = PBXFrameworksBuildPhase;
			buildActionMask = 2147483647;
			files = (
				B01EA6E0356EA400A8E982C2 /* Pods_Drugtable.framework in Frameworks */,
			);
			runOnlyForDeploymentPostprocessing = 0;
		};
/* End PBXFrameworksBuildPhase section */

/* Begin PBXGroup section */
		5A7FAD8157CEB5DEBF9D32B1 /* Frameworks */ = {
			isa = PBXGroup;
			children = (
				F915EB7C850C3555388165FE /* Pods_Drugtable.framework */,
			);
			name = Frameworks;
			sourceTree = "<group>";
		};
		6397A10BC7CDC17E37378158 /* Pods */ = {
			isa = PBXGroup;
			children = (
				744C0EAFC2836F96601CAA67 /* Pods-Drugtable.debug.xcconfig */,
				62F196F620E8312145B6A689 /* Pods-Drugtable.release.xcconfig */,
			);
			path = Pods;
			sourceTree = "<group>";
		};
		EF501DA0270CD4940083FDF9 /* Views */ = {
			isa = PBXGroup;
			children = (
				EF501DA4270CD5830083FDF9 /* ReminderRowView.swift */,
				EF501DB2270E04B30083FDF9 /* RemindersGroupView.swift */,
			);
			path = Views;
			sourceTree = "<group>";
		};
		EF501DA6270CE2A60083FDF9 /* ViewModels */ = {
			isa = PBXGroup;
			children = (
			);
			path = ViewModels;
			sourceTree = "<group>";
		};
		EF501DB4270E06F70083FDF9 /* Mocks */ = {
			isa = PBXGroup;
			children = (
				EF501DB8270E14960083FDF9 /* JSONs */,
				EF501DB5270E0A060083FDF9 /* MockProvider.swift */,
				EF501DB9270E15260083FDF9 /* ReminderMockProvider.swift */,
				EF501DBB270E1C0D0083FDF9 /* RemindersArrayMockProvider.swift */,
			);
			path = Mocks;
			sourceTree = "<group>";
		};
		EF501DB8270E14960083FDF9 /* JSONs */ = {
			isa = PBXGroup;
			children = (
				EF631D83270B75CE00CEED62 /* RemindersArrayMock.json */,
			);
			path = JSONs;
			sourceTree = "<group>";
		};
		EF631D87270B794400CEED62 /* Models */ = {
			isa = PBXGroup;
			children = (
				EF631D85270B766C00CEED62 /* Drug.swift */,
				EF501DA9270CE46B0083FDF9 /* Reminder.swift */,
				EF501DAB270CE5620083FDF9 /* DrugTakingTime.swift */,
				EF501DAD270CE65C0083FDF9 /* Dosage.swift */,
			);
			path = Models;
			sourceTree = "<group>";
		};
		EF631D88270B7C0F00CEED62 /* Repositories */ = {
			isa = PBXGroup;
			children = (
				EF631D89270B7C3B00CEED62 /* RemindersRepository.swift */,
			);
			path = Repositories;
			sourceTree = "<group>";
		};
		EFD585E2270902A700581BD7 = {
			isa = PBXGroup;
			children = (
				EFD585ED270902A700581BD7 /* Drugtable */,
				EFD585EC270902A700581BD7 /* Products */,
				6397A10BC7CDC17E37378158 /* Pods */,
				5A7FAD8157CEB5DEBF9D32B1 /* Frameworks */,
				CEE8849570780CD10C021E99 /* README.md */,
			);
			sourceTree = "<group>";
		};
		EFD585EC270902A700581BD7 /* Products */ = {
			isa = PBXGroup;
			children = (
				EFD585EB270902A700581BD7 /* Drugtable.app */,
			);
			name = Products;
			sourceTree = "<group>";
		};
		EFD585ED270902A700581BD7 /* Drugtable */ = {
			isa = PBXGroup;
			children = (
				EF501DB4270E06F70083FDF9 /* Mocks */,
				EF631D88270B7C0F00CEED62 /* Repositories */,
				EF631D87270B794400CEED62 /* Models */,
				EF501DA6270CE2A60083FDF9 /* ViewModels */,
				EF501DA0270CD4940083FDF9 /* Views */,
				EFD585EE270902A700581BD7 /* DrugtableApp.swift */,
				EFD585F2270902A800581BD7 /* Assets.xcassets */,
				EF015FBF2709AE490040D8CA /* GoogleService-Info.plist */,
				EFD585F4270902A800581BD7 /* Preview Content */,
			);
			path = Drugtable;
			sourceTree = "<group>";
		};
		EFD585F4270902A800581BD7 /* Preview Content */ = {
			isa = PBXGroup;
			children = (
				EFD585F5270902A800581BD7 /* Preview Assets.xcassets */,
			);
			path = "Preview Content";
			sourceTree = "<group>";
		};
/* End PBXGroup section */

/* Begin PBXNativeTarget section */
		EFD585EA270902A700581BD7 /* Drugtable */ = {
			isa = PBXNativeTarget;
			buildConfigurationList = EFD585F9270902A800581BD7 /* Build configuration list for PBXNativeTarget "Drugtable" */;
			buildPhases = (
				0B40FAA8F979DFC57EE5B4D7 /* [CP] Check Pods Manifest.lock */,
				EFD585E7270902A700581BD7 /* Sources */,
				EFD585E8270902A700581BD7 /* Frameworks */,
				EFD585E9270902A700581BD7 /* Resources */,
				9F113FA9EC2D15631BFB9DC8 /* [CP] Embed Pods Frameworks */,
			);
			buildRules = (
			);
			dependencies = (
			);
			name = Drugtable;
			productName = drugtable;
			productReference = EFD585EB270902A700581BD7 /* Drugtable.app */;
			productType = "com.apple.product-type.application";
		};
/* End PBXNativeTarget section */

/* Begin PBXProject section */
		EFD585E3270902A700581BD7 /* Project object */ = {
			isa = PBXProject;
			attributes = {
				BuildIndependentTargetsInParallel = 1;
				LastSwiftUpdateCheck = 1300;
				LastUpgradeCheck = 1300;
				TargetAttributes = {
					EFD585EA270902A700581BD7 = {
						CreatedOnToolsVersion = 13.0;
					};
				};
			};
			buildConfigurationList = EFD585E6270902A700581BD7 /* Build configuration list for PBXProject "Drugtable" */;
			compatibilityVersion = "Xcode 13.0";
			developmentRegion = en;
			hasScannedForEncodings = 0;
			knownRegions = (
				en,
				Base,
			);
			mainGroup = EFD585E2270902A700581BD7;
			productRefGroup = EFD585EC270902A700581BD7 /* Products */;
			projectDirPath = "";
			projectRoot = "";
			targets = (
				EFD585EA270902A700581BD7 /* Drugtable */,
			);
		};
/* End PBXProject section */

/* Begin PBXResourcesBuildPhase section */
		EFD585E9270902A700581BD7 /* Resources */ = {
			isa = PBXResourcesBuildPhase;
			buildActionMask = 2147483647;
			files = (
				EF631D84270B75CE00CEED62 /* RemindersArrayMock.json in Resources */,
				EFD585F6270902A800581BD7 /* Preview Assets.xcassets in Resources */,
				EFD585F3270902A800581BD7 /* Assets.xcassets in Resources */,
				EF015FC02709AE490040D8CA /* GoogleService-Info.plist in Resources */,
			);
			runOnlyForDeploymentPostprocessing = 0;
		};
/* End PBXResourcesBuildPhase section */

/* Begin PBXShellScriptBuildPhase section */
		0B40FAA8F979DFC57EE5B4D7 /* [CP] Check Pods Manifest.lock */ = {
			isa = PBXShellScriptBuildPhase;
			buildActionMask = 2147483647;
			files = (
			);
			inputFileListPaths = (
			);
			inputPaths = (
				"${PODS_PODFILE_DIR_PATH}/Podfile.lock",
				"${PODS_ROOT}/Manifest.lock",
			);
			name = "[CP] Check Pods Manifest.lock";
			outputFileListPaths = (
			);
			outputPaths = (
				"$(DERIVED_FILE_DIR)/Pods-Drugtable-checkManifestLockResult.txt",
			);
			runOnlyForDeploymentPostprocessing = 0;
			shellPath = /bin/sh;
			shellScript = "diff \"${PODS_PODFILE_DIR_PATH}/Podfile.lock\" \"${PODS_ROOT}/Manifest.lock\" > /dev/null\nif [ $? != 0 ] ; then\n    # print error to STDERR\n    echo \"error: The sandbox is not in sync with the Podfile.lock. Run 'pod install' or update your CocoaPods installation.\" >&2\n    exit 1\nfi\n# This output is used by Xcode 'outputs' to avoid re-running this script phase.\necho \"SUCCESS\" > \"${SCRIPT_OUTPUT_FILE_0}\"\n";
			showEnvVarsInLog = 0;
		};
		9F113FA9EC2D15631BFB9DC8 /* [CP] Embed Pods Frameworks */ = {
			isa = PBXShellScriptBuildPhase;
			buildActionMask = 2147483647;
			files = (
			);
			inputFileListPaths = (
				"${PODS_ROOT}/Target Support Files/Pods-Drugtable/Pods-Drugtable-frameworks-${CONFIGURATION}-input-files.xcfilelist",
			);
			name = "[CP] Embed Pods Frameworks";
			outputFileListPaths = (
				"${PODS_ROOT}/Target Support Files/Pods-Drugtable/Pods-Drugtable-frameworks-${CONFIGURATION}-output-files.xcfilelist",
			);
			runOnlyForDeploymentPostprocessing = 0;
			shellPath = /bin/sh;
			shellScript = "\"${PODS_ROOT}/Target Support Files/Pods-Drugtable/Pods-Drugtable-frameworks.sh\"\n";
			showEnvVarsInLog = 0;
		};
/* End PBXShellScriptBuildPhase section */

/* Begin PBXSourcesBuildPhase section */
		EFD585E7270902A700581BD7 /* Sources */ = {
			isa = PBXSourcesBuildPhase;
			buildActionMask = 2147483647;
			files = (
				EF501DAE270CE65C0083FDF9 /* Dosage.swift in Sources */,
				EF501DB3270E04B30083FDF9 /* RemindersGroupView.swift in Sources */,
				EF501DA5270CD5830083FDF9 /* ReminderRowView.swift in Sources */,
				EF501DBC270E1C0D0083FDF9 /* RemindersArrayMockProvider.swift in Sources */,
				EF501DAC270CE5620083FDF9 /* DrugTakingTime.swift in Sources */,
				EF631D8A270B7C3B00CEED62 /* RemindersRepository.swift in Sources */,
				EF501DAA270CE46B0083FDF9 /* Reminder.swift in Sources */,
				EFD585EF270902A700581BD7 /* DrugtableApp.swift in Sources */,
				EF501DBA270E15260083FDF9 /* ReminderMockProvider.swift in Sources */,
				EF501DB6270E0A060083FDF9 /* MockProvider.swift in Sources */,
				EF631D86270B766C00CEED62 /* Drug.swift in Sources */,
				CEE880C9FB52B008B78B4F07 /* README.md in Sources */,
			);
			runOnlyForDeploymentPostprocessing = 0;
		};
/* End PBXSourcesBuildPhase section */

/* Begin XCBuildConfiguration section */
		EFD585F7270902A800581BD7 /* Debug */ = {
			isa = XCBuildConfiguration;
			buildSettings = {
				ALWAYS_SEARCH_USER_PATHS = NO;
				CLANG_ANALYZER_NONNULL = YES;
				CLANG_ANALYZER_NUMBER_OBJECT_CONVERSION = YES_AGGRESSIVE;
				CLANG_CXX_LANGUAGE_STANDARD = "gnu++17";
				CLANG_CXX_LIBRARY = "libc++";
				CLANG_ENABLE_MODULES = YES;
				CLANG_ENABLE_OBJC_ARC = YES;
				CLANG_ENABLE_OBJC_WEAK = YES;
				CLANG_WARN_BLOCK_CAPTURE_AUTORELEASING = YES;
				CLANG_WARN_BOOL_CONVERSION = YES;
				CLANG_WARN_COMMA = YES;
				CLANG_WARN_CONSTANT_CONVERSION = YES;
				CLANG_WARN_DEPRECATED_OBJC_IMPLEMENTATIONS = YES;
				CLANG_WARN_DIRECT_OBJC_ISA_USAGE = YES_ERROR;
				CLANG_WARN_DOCUMENTATION_COMMENTS = YES;
				CLANG_WARN_EMPTY_BODY = YES;
				CLANG_WARN_ENUM_CONVERSION = YES;
				CLANG_WARN_INFINITE_RECURSION = YES;
				CLANG_WARN_INT_CONVERSION = YES;
				CLANG_WARN_NON_LITERAL_NULL_CONVERSION = YES;
				CLANG_WARN_OBJC_IMPLICIT_RETAIN_SELF = YES;
				CLANG_WARN_OBJC_LITERAL_CONVERSION = YES;
				CLANG_WARN_OBJC_ROOT_CLASS = YES_ERROR;
				CLANG_WARN_QUOTED_INCLUDE_IN_FRAMEWORK_HEADER = YES;
				CLANG_WARN_RANGE_LOOP_ANALYSIS = YES;
				CLANG_WARN_STRICT_PROTOTYPES = YES;
				CLANG_WARN_SUSPICIOUS_MOVE = YES;
				CLANG_WARN_UNGUARDED_AVAILABILITY = YES_AGGRESSIVE;
				CLANG_WARN_UNREACHABLE_CODE = YES;
				CLANG_WARN__DUPLICATE_METHOD_MATCH = YES;
				COPY_PHASE_STRIP = NO;
				DEBUG_INFORMATION_FORMAT = dwarf;
				ENABLE_STRICT_OBJC_MSGSEND = YES;
				ENABLE_TESTABILITY = YES;
				GCC_C_LANGUAGE_STANDARD = gnu11;
				GCC_DYNAMIC_NO_PIC = NO;
				GCC_NO_COMMON_BLOCKS = YES;
				GCC_OPTIMIZATION_LEVEL = 0;
				GCC_PREPROCESSOR_DEFINITIONS = (
					"DEBUG=1",
					"$(inherited)",
				);
				GCC_WARN_64_TO_32_BIT_CONVERSION = YES;
				GCC_WARN_ABOUT_RETURN_TYPE = YES_ERROR;
				GCC_WARN_UNDECLARED_SELECTOR = YES;
				GCC_WARN_UNINITIALIZED_AUTOS = YES_AGGRESSIVE;
				GCC_WARN_UNUSED_FUNCTION = YES;
				GCC_WARN_UNUSED_VARIABLE = YES;
				IPHONEOS_DEPLOYMENT_TARGET = 15.0;
				MTL_ENABLE_DEBUG_INFO = INCLUDE_SOURCE;
				MTL_FAST_MATH = YES;
				ONLY_ACTIVE_ARCH = YES;
				SDKROOT = iphoneos;
				SWIFT_ACTIVE_COMPILATION_CONDITIONS = DEBUG;
				SWIFT_OPTIMIZATION_LEVEL = "-Onone";
			};
			name = Debug;
		};
		EFD585F8270902A800581BD7 /* Release */ = {
			isa = XCBuildConfiguration;
			buildSettings = {
				ALWAYS_SEARCH_USER_PATHS = NO;
				CLANG_ANALYZER_NONNULL = YES;
				CLANG_ANALYZER_NUMBER_OBJECT_CONVERSION = YES_AGGRESSIVE;
				CLANG_CXX_LANGUAGE_STANDARD = "gnu++17";
				CLANG_CXX_LIBRARY = "libc++";
				CLANG_ENABLE_MODULES = YES;
				CLANG_ENABLE_OBJC_ARC = YES;
				CLANG_ENABLE_OBJC_WEAK = YES;
				CLANG_WARN_BLOCK_CAPTURE_AUTORELEASING = YES;
				CLANG_WARN_BOOL_CONVERSION = YES;
				CLANG_WARN_COMMA = YES;
				CLANG_WARN_CONSTANT_CONVERSION = YES;
				CLANG_WARN_DEPRECATED_OBJC_IMPLEMENTATIONS = YES;
				CLANG_WARN_DIRECT_OBJC_ISA_USAGE = YES_ERROR;
				CLANG_WARN_DOCUMENTATION_COMMENTS = YES;
				CLANG_WARN_EMPTY_BODY = YES;
				CLANG_WARN_ENUM_CONVERSION = YES;
				CLANG_WARN_INFINITE_RECURSION = YES;
				CLANG_WARN_INT_CONVERSION = YES;
				CLANG_WARN_NON_LITERAL_NULL_CONVERSION = YES;
				CLANG_WARN_OBJC_IMPLICIT_RETAIN_SELF = YES;
				CLANG_WARN_OBJC_LITERAL_CONVERSION = YES;
				CLANG_WARN_OBJC_ROOT_CLASS = YES_ERROR;
				CLANG_WARN_QUOTED_INCLUDE_IN_FRAMEWORK_HEADER = YES;
				CLANG_WARN_RANGE_LOOP_ANALYSIS = YES;
				CLANG_WARN_STRICT_PROTOTYPES = YES;
				CLANG_WARN_SUSPICIOUS_MOVE = YES;
				CLANG_WARN_UNGUARDED_AVAILABILITY = YES_AGGRESSIVE;
				CLANG_WARN_UNREACHABLE_CODE = YES;
				CLANG_WARN__DUPLICATE_METHOD_MATCH = YES;
				COPY_PHASE_STRIP = NO;
				DEBUG_INFORMATION_FORMAT = "dwarf-with-dsym";
				ENABLE_NS_ASSERTIONS = NO;
				ENABLE_STRICT_OBJC_MSGSEND = YES;
				GCC_C_LANGUAGE_STANDARD = gnu11;
				GCC_NO_COMMON_BLOCKS = YES;
				GCC_WARN_64_TO_32_BIT_CONVERSION = YES;
				GCC_WARN_ABOUT_RETURN_TYPE = YES_ERROR;
				GCC_WARN_UNDECLARED_SELECTOR = YES;
				GCC_WARN_UNINITIALIZED_AUTOS = YES_AGGRESSIVE;
				GCC_WARN_UNUSED_FUNCTION = YES;
				GCC_WARN_UNUSED_VARIABLE = YES;
				IPHONEOS_DEPLOYMENT_TARGET = 15.0;
				MTL_ENABLE_DEBUG_INFO = NO;
				MTL_FAST_MATH = YES;
				SDKROOT = iphoneos;
				SWIFT_COMPILATION_MODE = wholemodule;
				SWIFT_OPTIMIZATION_LEVEL = "-O";
				VALIDATE_PRODUCT = YES;
			};
			name = Release;
		};
		EFD585FA270902A800581BD7 /* Debug */ = {
			isa = XCBuildConfiguration;
			baseConfigurationReference = 744C0EAFC2836F96601CAA67 /* Pods-Drugtable.debug.xcconfig */;
			buildSettings = {
				ASSETCATALOG_COMPILER_APPICON_NAME = AppIcon;
				ASSETCATALOG_COMPILER_GLOBAL_ACCENT_COLOR_NAME = AccentColor;
				CODE_SIGN_STYLE = Automatic;
				CURRENT_PROJECT_VERSION = 1;
				DEVELOPMENT_ASSET_PATHS = "\"drugtable/Preview Content\"";
				DEVELOPMENT_TEAM = 63C62CK47Y;
				ENABLE_PREVIEWS = YES;
				GENERATE_INFOPLIST_FILE = YES;
				INFOPLIST_KEY_UIApplicationSceneManifest_Generation = YES;
				INFOPLIST_KEY_UIApplicationSupportsIndirectInputEvents = YES;
				INFOPLIST_KEY_UILaunchScreen_Generation = YES;
				INFOPLIST_KEY_UISupportedInterfaceOrientations_iPad = "UIInterfaceOrientationPortrait UIInterfaceOrientationPortraitUpsideDown UIInterfaceOrientationLandscapeLeft UIInterfaceOrientationLandscapeRight";
				INFOPLIST_KEY_UISupportedInterfaceOrientations_iPhone = "UIInterfaceOrientationPortrait UIInterfaceOrientationLandscapeLeft UIInterfaceOrientationLandscapeRight";
				IPHONEOS_DEPLOYMENT_TARGET = 14.0;
				LD_RUNPATH_SEARCH_PATHS = (
					"$(inherited)",
					"@executable_path/Frameworks",
				);
				MARKETING_VERSION = 1.0;
				PRODUCT_BUNDLE_IDENTIFIER = app.vasbaz.drugtable;
				PRODUCT_NAME = Drugtable;
				SWIFT_EMIT_LOC_STRINGS = YES;
				SWIFT_VERSION = 5.0;
				TARGETED_DEVICE_FAMILY = "1,2";
			};
			name = Debug;
		};
		EFD585FB270902A800581BD7 /* Release */ = {
			isa = XCBuildConfiguration;
			baseConfigurationReference = 62F196F620E8312145B6A689 /* Pods-Drugtable.release.xcconfig */;
			buildSettings = {
				ASSETCATALOG_COMPILER_APPICON_NAME = AppIcon;
				ASSETCATALOG_COMPILER_GLOBAL_ACCENT_COLOR_NAME = AccentColor;
				CODE_SIGN_STYLE = Automatic;
				CURRENT_PROJECT_VERSION = 1;
				DEVELOPMENT_ASSET_PATHS = "\"drugtable/Preview Content\"";
				DEVELOPMENT_TEAM = 63C62CK47Y;
				ENABLE_PREVIEWS = YES;
				GENERATE_INFOPLIST_FILE = YES;
				INFOPLIST_KEY_UIApplicationSceneManifest_Generation = YES;
				INFOPLIST_KEY_UIApplicationSupportsIndirectInputEvents = YES;
				INFOPLIST_KEY_UILaunchScreen_Generation = YES;
				INFOPLIST_KEY_UISupportedInterfaceOrientations_iPad = "UIInterfaceOrientationPortrait UIInterfaceOrientationPortraitUpsideDown UIInterfaceOrientationLandscapeLeft UIInterfaceOrientationLandscapeRight";
				INFOPLIST_KEY_UISupportedInterfaceOrientations_iPhone = "UIInterfaceOrientationPortrait UIInterfaceOrientationLandscapeLeft UIInterfaceOrientationLandscapeRight";
				IPHONEOS_DEPLOYMENT_TARGET = 14.0;
				LD_RUNPATH_SEARCH_PATHS = (
					"$(inherited)",
					"@executable_path/Frameworks",
				);
				MARKETING_VERSION = 1.0;
				PRODUCT_BUNDLE_IDENTIFIER = app.vasbaz.drugtable;
				PRODUCT_NAME = Drugtable;
				SWIFT_EMIT_LOC_STRINGS = YES;
				SWIFT_VERSION = 5.0;
				TARGETED_DEVICE_FAMILY = "1,2";
			};
			name = Release;
		};
/* End XCBuildConfiguration section */

/* Begin XCConfigurationList section */
		EFD585E6270902A700581BD7 /* Build configuration list for PBXProject "Drugtable" */ = {
			isa = XCConfigurationList;
			buildConfigurations = (
				EFD585F7270902A800581BD7 /* Debug */,
				EFD585F8270902A800581BD7 /* Release */,
			);
			defaultConfigurationIsVisible = 0;
			defaultConfigurationName = Release;
		};
		EFD585F9270902A800581BD7 /* Build configuration list for PBXNativeTarget "Drugtable" */ = {
			isa = XCConfigurationList;
			buildConfigurations = (
				EFD585FA270902A800581BD7 /* Debug */,
				EFD585FB270902A800581BD7 /* Release */,
			);
			defaultConfigurationIsVisible = 0;
			defaultConfigurationName = Release;
		};
/* End XCConfigurationList section */
	};
	rootObject = EFD585E3270902A700581BD7 /* Project object */;
}
